
Microsoft Visual Studio Solution File, Format Version 12.00
# Visual Studio Version 16
VisualStudioVersion = 16.0.32602.290
MinimumVisualStudioVersion = 10.0.40219.1
Project("{FAE04EC0-301F-11D3-BF4B-00C04F79EFBC}") = "Tema3-Estaciones", "Tema3-Estaciones\Tema3-Estaciones.csproj", "{F0E602C0-0E17-49A3-AEBB-5E1784598E3B}"
EndProject
Global
	GlobalSection(SolutionConfigurationPlatforms) = preSolution
		Debug|Any CPU = Debug|Any CPU
		Release|Any CPU = Release|Any CPU
	EndGlobalSection
	GlobalSection(ProjectConfigurationPlatforms) = postSolution
		{F0E602C0-0E17-49A3-AEBB-5E1784598E3B}.Debug|Any CPU.ActiveCfg = Debug|Any CPU
		{F0E602C0-0E17-49A3-AEBB-5E1784598E3B}.Debug|Any CPU.Build.0 = Debug|Any CPU
		{F0E602C0-0E17-49A3-AEBB-5E1784598E3B}.Release|Any CPU.ActiveCfg = Release|Any CPU
		{F0E602C0-0E17-49A3-AEBB-5E1784598E3B}.Release|Any CPU.Build.0 = Release|Any CPU
	EndGlobalSection
	GlobalSection(SolutionProperties) = preSolution
		HideSolutionNode = FALSE
	EndGlobalSection
	GlobalSection(ExtensibilityGlobals) = postSolution
		SolutionGuid = {F4A1A590-BF7E-4DBB-AD27-19F7C0979B95}
	EndGlobalSection
EndGlobal
